// !$*UTF8*$!
{
	archiveVersion = 1;
	classes = {
	};
	objectVersion = 50;
	objects = {

/* Begin PBXBuildFile section */
		A517942221B6895800A5004B /* NSFileManager+path.m in Sources */ = {isa = PBXBuildFile; fileRef = A517940521B6895800A5004B /* NSFileManager+path.m */; };
		A517942321B6895800A5004B /* NSObject+runtime.m in Sources */ = {isa = PBXBuildFile; fileRef = A517940821B6895800A5004B /* NSObject+runtime.m */; };
		A517942421B6895800A5004B /* NSString+unicode.m in Sources */ = {isa = PBXBuildFile; fileRef = A517940B21B6895800A5004B /* NSString+unicode.m */; };
		A517942621B6895800A5004B /* UIApplication+Category.m in Sources */ = {isa = PBXBuildFile; fileRef = A517941121B6895800A5004B /* UIApplication+Category.m */; };
		A517942721B6895800A5004B /* UIColor+hex.m in Sources */ = {isa = PBXBuildFile; fileRef = A517941521B6895800A5004B /* UIColor+hex.m */; };
		A517942821B6895800A5004B /* UIImage+Color.m in Sources */ = {isa = PBXBuildFile; fileRef = A517941821B6895800A5004B /* UIImage+Color.m */; };
		A517942921B6895800A5004B /* UIView+frame.m in Sources */ = {isa = PBXBuildFile; fileRef = A517941B21B6895800A5004B /* UIView+frame.m */; };
		A517942A21B6895800A5004B /* UIView+gesture.m in Sources */ = {isa = PBXBuildFile; fileRef = A517941D21B6895800A5004B /* UIView+gesture.m */; };
		A517942B21B6895800A5004B /* UIView+layer.m in Sources */ = {isa = PBXBuildFile; fileRef = A517941F21B6895800A5004B /* UIView+layer.m */; };
		A533214D2190221500F06E0C /* UIColorViewController.m in Sources */ = {isa = PBXBuildFile; fileRef = A533214C2190221500F06E0C /* UIColorViewController.m */; };
		A53321562190400F00F06E0C /* UIApplicationViewController.m in Sources */ = {isa = PBXBuildFile; fileRef = A53321552190400F00F06E0C /* UIApplicationViewController.m */; };
		A578E26B21D4C18E0023C054 /* UIDevice+device.m in Sources */ = {isa = PBXBuildFile; fileRef = A578E26A21D4C18E0023C054 /* UIDevice+device.m */; };
		A578E27821D609D40023C054 /* UIDeviceViewController.m in Sources */ = {isa = PBXBuildFile; fileRef = A578E27721D609D40023C054 /* UIDeviceViewController.m */; };
		A578E27D21D62EDE0023C054 /* NSDate+category.m in Sources */ = {isa = PBXBuildFile; fileRef = A578E27C21D62EDE0023C054 /* NSDate+category.m */; };
		A587824821D704A40027C916 /* NSDateViewController.m in Sources */ = {isa = PBXBuildFile; fileRef = A587824721D704A40027C916 /* NSDateViewController.m */; };
		A587824B21D70E830027C916 /* BaseViewController.m in Sources */ = {isa = PBXBuildFile; fileRef = A587824A21D70E830027C916 /* BaseViewController.m */; };
		A587824F21D713120027C916 /* UIControl+category.m in Sources */ = {isa = PBXBuildFile; fileRef = A587824E21D713120027C916 /* UIControl+category.m */; };
		A587825221D717040027C916 /* UIContorlViewController.m in Sources */ = {isa = PBXBuildFile; fileRef = A587825121D717040027C916 /* UIContorlViewController.m */; };
		A59C5803219289C700DA988B /* NSFileManagerViewController.m in Sources */ = {isa = PBXBuildFile; fileRef = A59C5802219289C700DA988B /* NSFileManagerViewController.m */; };
		A5BEFCA9218FDDFE00E096FD /* UIViewViewController.m in Sources */ = {isa = PBXBuildFile; fileRef = A5BEFCA8218FDDFE00E096FD /* UIViewViewController.m */; };
		A5D4037721C9200F002C307A /* NSArray+Chinese.m in Sources */ = {isa = PBXBuildFile; fileRef = A5D4037621C9200F002C307A /* NSArray+Chinese.m */; };
		A5D64497218AFDEA00B2A0B0 /* AppDelegate.m in Sources */ = {isa = PBXBuildFile; fileRef = A5D64496218AFDEA00B2A0B0 /* AppDelegate.m */; };
		A5D6449A218AFDEA00B2A0B0 /* ViewController.m in Sources */ = {isa = PBXBuildFile; fileRef = A5D64499218AFDEA00B2A0B0 /* ViewController.m */; };
		A5D6449D218AFDEA00B2A0B0 /* Main.storyboard in Resources */ = {isa = PBXBuildFile; fileRef = A5D6449B218AFDEA00B2A0B0 /* Main.storyboard */; };
		A5D6449F218AFDEA00B2A0B0 /* Assets.xcassets in Resources */ = {isa = PBXBuildFile; fileRef = A5D6449E218AFDEA00B2A0B0 /* Assets.xcassets */; };
		A5D644A2218AFDEA00B2A0B0 /* LaunchScreen.storyboard in Resources */ = {isa = PBXBuildFile; fileRef = A5D644A0218AFDEA00B2A0B0 /* LaunchScreen.storyboard */; };
		A5D644A5218AFDEA00B2A0B0 /* main.m in Sources */ = {isa = PBXBuildFile; fileRef = A5D644A4218AFDEA00B2A0B0 /* main.m */; };
		A5D644CE218B03D700B2A0B0 /* UIImageViewController.m in Sources */ = {isa = PBXBuildFile; fileRef = A5D644CC218B03D700B2A0B0 /* UIImageViewController.m */; };
		A5D644CF218B03D700B2A0B0 /* UIImageViewController.xib in Resources */ = {isa = PBXBuildFile; fileRef = A5D644CD218B03D700B2A0B0 /* UIImageViewController.xib */; };
		A5EA4B5121C89BA300404EC2 /* UnicodeViewController.m in Sources */ = {isa = PBXBuildFile; fileRef = A5EA4B5021C89BA300404EC2 /* UnicodeViewController.m */; };
		BDFF20841CD97C25A2D4439C /* libPods-CommonCategory.a in Frameworks */ = {isa = PBXBuildFile; fileRef = 13C9D23223A7717C22204C8A /* libPods-CommonCategory.a */; };
/* End PBXBuildFile section */

/* Begin PBXFileReference section */
		13C9D23223A7717C22204C8A /* libPods-CommonCategory.a */ = {isa = PBXFileReference; explicitFileType = archive.ar; includeInIndex = 0; path = "libPods-CommonCategory.a"; sourceTree = BUILT_PRODUCTS_DIR; };
		20A93C3B5773E1A5FB089DEA /* Pods-UIKit-Category.release.xcconfig */ = {isa = PBXFileReference; includeInIndex = 1; lastKnownFileType = text.xcconfig; name = "Pods-UIKit-Category.release.xcconfig"; path = "Pods/Target Support Files/Pods-UIKit-Category/Pods-UIKit-Category.release.xcconfig"; sourceTree = "<group>"; };
		44561327BFCB3DAF59F4D2C6 /* Pods-CommonCategory.debug.xcconfig */ = {isa = PBXFileReference; includeInIndex = 1; lastKnownFileType = text.xcconfig; name = "Pods-CommonCategory.debug.xcconfig"; path = "Pods/Target Support Files/Pods-CommonCategory/Pods-CommonCategory.debug.xcconfig"; sourceTree = "<group>"; };
		5C2D8C43E8E5B881EB8234CB /* Pods-CommonCategoryTests.debug.xcconfig */ = {isa = PBXFileReference; includeInIndex = 1; lastKnownFileType = text.xcconfig; name = "Pods-CommonCategoryTests.debug.xcconfig"; path = "Pods/Target Support Files/Pods-CommonCategoryTests/Pods-CommonCategoryTests.debug.xcconfig"; sourceTree = "<group>"; };
		5F21520052128382C2E10519 /* libPods-UIKit-CategoryUITests.a */ = {isa = PBXFileReference; explicitFileType = archive.ar; includeInIndex = 0; path = "libPods-UIKit-CategoryUITests.a"; sourceTree = BUILT_PRODUCTS_DIR; };
		673E16A1E506858237CD7EF8 /* libPods-UIKit-Category.a */ = {isa = PBXFileReference; explicitFileType = archive.ar; includeInIndex = 0; path = "libPods-UIKit-Category.a"; sourceTree = BUILT_PRODUCTS_DIR; };
		7E6F7513C63B02252AD0B9ED /* libPods-UIKit-CategoryTests.a */ = {isa = PBXFileReference; explicitFileType = archive.ar; includeInIndex = 0; path = "libPods-UIKit-CategoryTests.a"; sourceTree = BUILT_PRODUCTS_DIR; };
		81E4B67B5B6AFD3B5D621B82 /* Pods-CommonCategoryTests.release.xcconfig */ = {isa = PBXFileReference; includeInIndex = 1; lastKnownFileType = text.xcconfig; name = "Pods-CommonCategoryTests.release.xcconfig"; path = "Pods/Target Support Files/Pods-CommonCategoryTests/Pods-CommonCategoryTests.release.xcconfig"; sourceTree = "<group>"; };
		8242AD5B201B838C49D32EEF /* Pods-UIKit-CategoryUITests.debug.xcconfig */ = {isa = PBXFileReference; includeInIndex = 1; lastKnownFileType = text.xcconfig; name = "Pods-UIKit-CategoryUITests.debug.xcconfig"; path = "Pods/Target Support Files/Pods-UIKit-CategoryUITests/Pods-UIKit-CategoryUITests.debug.xcconfig"; sourceTree = "<group>"; };
		99A66CD7C2893B6929F02AE7 /* Pods-CommonCategory.release.xcconfig */ = {isa = PBXFileReference; includeInIndex = 1; lastKnownFileType = text.xcconfig; name = "Pods-CommonCategory.release.xcconfig"; path = "Pods/Target Support Files/Pods-CommonCategory/Pods-CommonCategory.release.xcconfig"; sourceTree = "<group>"; };
		A517940421B6895800A5004B /* NSFileManager+path.h */ = {isa = PBXFileReference; fileEncoding = 4; lastKnownFileType = sourcecode.c.h; path = "NSFileManager+path.h"; sourceTree = "<group>"; };
		A517940521B6895800A5004B /* NSFileManager+path.m */ = {isa = PBXFileReference; fileEncoding = 4; lastKnownFileType = sourcecode.c.objc; path = "NSFileManager+path.m"; sourceTree = "<group>"; };
		A517940721B6895800A5004B /* NSObject+runtime.h */ = {isa = PBXFileReference; fileEncoding = 4; lastKnownFileType = sourcecode.c.h; path = "NSObject+runtime.h"; sourceTree = "<group>"; };
		A517940821B6895800A5004B /* NSObject+runtime.m */ = {isa = PBXFileReference; fileEncoding = 4; lastKnownFileType = sourcecode.c.objc; path = "NSObject+runtime.m"; sourceTree = "<group>"; };
		A517940A21B6895800A5004B /* NSString+unicode.h */ = {isa = PBXFileReference; fileEncoding = 4; lastKnownFileType = sourcecode.c.h; path = "NSString+unicode.h"; sourceTree = "<group>"; };
		A517940B21B6895800A5004B /* NSString+unicode.m */ = {isa = PBXFileReference; fileEncoding = 4; lastKnownFileType = sourcecode.c.objc; path = "NSString+unicode.m"; sourceTree = "<group>"; };
		A517941021B6895800A5004B /* UIApplication+Category.h */ = {isa = PBXFileReference; fileEncoding = 4; lastKnownFileType = sourcecode.c.h; path = "UIApplication+Category.h"; sourceTree = "<group>"; };
		A517941121B6895800A5004B /* UIApplication+Category.m */ = {isa = PBXFileReference; fileEncoding = 4; lastKnownFileType = sourcecode.c.objc; path = "UIApplication+Category.m"; sourceTree = "<group>"; };
		A517941221B6895800A5004B /* UIApplication+Header.h */ = {isa = PBXFileReference; fileEncoding = 4; lastKnownFileType = sourcecode.c.h; path = "UIApplication+Header.h"; sourceTree = "<group>"; };
		A517941421B6895800A5004B /* UIColor+hex.h */ = {isa = PBXFileReference; fileEncoding = 4; lastKnownFileType = sourcecode.c.h; path = "UIColor+hex.h"; sourceTree = "<group>"; };
		A517941521B6895800A5004B /* UIColor+hex.m */ = {isa = PBXFileReference; fileEncoding = 4; lastKnownFileType = sourcecode.c.objc; path = "UIColor+hex.m"; sourceTree = "<group>"; };
		A517941721B6895800A5004B /* UIImage+Color.h */ = {isa = PBXFileReference; fileEncoding = 4; lastKnownFileType = sourcecode.c.h; path = "UIImage+Color.h"; sourceTree = "<group>"; };
		A517941821B6895800A5004B /* UIImage+Color.m */ = {isa = PBXFileReference; fileEncoding = 4; lastKnownFileType = sourcecode.c.objc; path = "UIImage+Color.m"; sourceTree = "<group>"; };
		A517941A21B6895800A5004B /* UIView+frame.h */ = {isa = PBXFileReference; fileEncoding = 4; lastKnownFileType = sourcecode.c.h; path = "UIView+frame.h"; sourceTree = "<group>"; };
		A517941B21B6895800A5004B /* UIView+frame.m */ = {isa = PBXFileReference; fileEncoding = 4; lastKnownFileType = sourcecode.c.objc; path = "UIView+frame.m"; sourceTree = "<group>"; };
		A517941C21B6895800A5004B /* UIView+gesture.h */ = {isa = PBXFileReference; fileEncoding = 4; lastKnownFileType = sourcecode.c.h; path = "UIView+gesture.h"; sourceTree = "<group>"; };
		A517941D21B6895800A5004B /* UIView+gesture.m */ = {isa = PBXFileReference; fileEncoding = 4; lastKnownFileType = sourcecode.c.objc; path = "UIView+gesture.m"; sourceTree = "<group>"; };
		A517941E21B6895800A5004B /* UIView+layer.h */ = {isa = PBXFileReference; fileEncoding = 4; lastKnownFileType = sourcecode.c.h; path = "UIView+layer.h"; sourceTree = "<group>"; };
		A517941F21B6895800A5004B /* UIView+layer.m */ = {isa = PBXFileReference; fileEncoding = 4; lastKnownFileType = sourcecode.c.objc; path = "UIView+layer.m"; sourceTree = "<group>"; };
		A533214B2190221500F06E0C /* UIColorViewController.h */ = {isa = PBXFileReference; lastKnownFileType = sourcecode.c.h; path = UIColorViewController.h; sourceTree = "<group>"; };
		A533214C2190221500F06E0C /* UIColorViewController.m */ = {isa = PBXFileReference; lastKnownFileType = sourcecode.c.objc; path = UIColorViewController.m; sourceTree = "<group>"; };
		A53321542190400F00F06E0C /* UIApplicationViewController.h */ = {isa = PBXFileReference; lastKnownFileType = sourcecode.c.h; path = UIApplicationViewController.h; sourceTree = "<group>"; };
		A53321552190400F00F06E0C /* UIApplicationViewController.m */ = {isa = PBXFileReference; lastKnownFileType = sourcecode.c.objc; path = UIApplicationViewController.m; sourceTree = "<group>"; };
		A578E26921D4C18E0023C054 /* UIDevice+device.h */ = {isa = PBXFileReference; lastKnownFileType = sourcecode.c.h; path = "UIDevice+device.h"; sourceTree = "<group>"; };
		A578E26A21D4C18E0023C054 /* UIDevice+device.m */ = {isa = PBXFileReference; lastKnownFileType = sourcecode.c.objc; path = "UIDevice+device.m"; sourceTree = "<group>"; };
		A578E27621D609D40023C054 /* UIDeviceViewController.h */ = {isa = PBXFileReference; lastKnownFileType = sourcecode.c.h; path = UIDeviceViewController.h; sourceTree = "<group>"; };
		A578E27721D609D40023C054 /* UIDeviceViewController.m */ = {isa = PBXFileReference; lastKnownFileType = sourcecode.c.objc; path = UIDeviceViewController.m; sourceTree = "<group>"; };
		A578E27921D61DDD0023C054 /* CommonCategory.entitlements */ = {isa = PBXFileReference; lastKnownFileType = text.plist.entitlements; path = CommonCategory.entitlements; sourceTree = "<group>"; };
		A578E27B21D62EDE0023C054 /* NSDate+category.h */ = {isa = PBXFileReference; lastKnownFileType = sourcecode.c.h; path = "NSDate+category.h"; sourceTree = "<group>"; };
		A578E27C21D62EDE0023C054 /* NSDate+category.m */ = {isa = PBXFileReference; lastKnownFileType = sourcecode.c.objc; path = "NSDate+category.m"; sourceTree = "<group>"; };
		A587824621D704A40027C916 /* NSDateViewController.h */ = {isa = PBXFileReference; lastKnownFileType = sourcecode.c.h; path = NSDateViewController.h; sourceTree = "<group>"; };
		A587824721D704A40027C916 /* NSDateViewController.m */ = {isa = PBXFileReference; lastKnownFileType = sourcecode.c.objc; path = NSDateViewController.m; sourceTree = "<group>"; };
		A587824921D70E830027C916 /* BaseViewController.h */ = {isa = PBXFileReference; lastKnownFileType = sourcecode.c.h; path = BaseViewController.h; sourceTree = "<group>"; };
		A587824A21D70E830027C916 /* BaseViewController.m */ = {isa = PBXFileReference; lastKnownFileType = sourcecode.c.objc; path = BaseViewController.m; sourceTree = "<group>"; };
		A587824D21D713120027C916 /* UIControl+category.h */ = {isa = PBXFileReference; lastKnownFileType = sourcecode.c.h; path = "UIControl+category.h"; sourceTree = "<group>"; };
		A587824E21D713120027C916 /* UIControl+category.m */ = {isa = PBXFileReference; lastKnownFileType = sourcecode.c.objc; path = "UIControl+category.m"; sourceTree = "<group>"; };
		A587825021D717040027C916 /* UIContorlViewController.h */ = {isa = PBXFileReference; lastKnownFileType = sourcecode.c.h; path = UIContorlViewController.h; sourceTree = "<group>"; };
		A587825121D717040027C916 /* UIContorlViewController.m */ = {isa = PBXFileReference; lastKnownFileType = sourcecode.c.objc; path = UIContorlViewController.m; sourceTree = "<group>"; };
		A59C5801219289C700DA988B /* NSFileManagerViewController.h */ = {isa = PBXFileReference; lastKnownFileType = sourcecode.c.h; path = NSFileManagerViewController.h; sourceTree = "<group>"; };
		A59C5802219289C700DA988B /* NSFileManagerViewController.m */ = {isa = PBXFileReference; lastKnownFileType = sourcecode.c.objc; path = NSFileManagerViewController.m; sourceTree = "<group>"; };
		A5BEFCA7218FDDFE00E096FD /* UIViewViewController.h */ = {isa = PBXFileReference; lastKnownFileType = sourcecode.c.h; path = UIViewViewController.h; sourceTree = "<group>"; };
		A5BEFCA8218FDDFE00E096FD /* UIViewViewController.m */ = {isa = PBXFileReference; lastKnownFileType = sourcecode.c.objc; path = UIViewViewController.m; sourceTree = "<group>"; };
		A5D4037521C9200F002C307A /* NSArray+Chinese.h */ = {isa = PBXFileReference; lastKnownFileType = sourcecode.c.h; path = "NSArray+Chinese.h"; sourceTree = "<group>"; };
		A5D4037621C9200F002C307A /* NSArray+Chinese.m */ = {isa = PBXFileReference; lastKnownFileType = sourcecode.c.objc; path = "NSArray+Chinese.m"; sourceTree = "<group>"; };
		A5D64492218AFDEA00B2A0B0 /* CommonCategory.app */ = {isa = PBXFileReference; explicitFileType = wrapper.application; includeInIndex = 0; path = CommonCategory.app; sourceTree = BUILT_PRODUCTS_DIR; };
		A5D64495218AFDEA00B2A0B0 /* AppDelegate.h */ = {isa = PBXFileReference; lastKnownFileType = sourcecode.c.h; path = AppDelegate.h; sourceTree = "<group>"; };
		A5D64496218AFDEA00B2A0B0 /* AppDelegate.m */ = {isa = PBXFileReference; lastKnownFileType = sourcecode.c.objc; path = AppDelegate.m; sourceTree = "<group>"; };
		A5D64498218AFDEA00B2A0B0 /* ViewController.h */ = {isa = PBXFileReference; lastKnownFileType = sourcecode.c.h; path = ViewController.h; sourceTree = "<group>"; };
		A5D64499218AFDEA00B2A0B0 /* ViewController.m */ = {isa = PBXFileReference; lastKnownFileType = sourcecode.c.objc; path = ViewController.m; sourceTree = "<group>"; };
		A5D6449C218AFDEA00B2A0B0 /* Base */ = {isa = PBXFileReference; lastKnownFileType = file.storyboard; name = Base; path = Base.lproj/Main.storyboard; sourceTree = "<group>"; };
		A5D6449E218AFDEA00B2A0B0 /* Assets.xcassets */ = {isa = PBXFileReference; lastKnownFileType = folder.assetcatalog; path = Assets.xcassets; sourceTree = "<group>"; };
		A5D644A1218AFDEA00B2A0B0 /* Base */ = {isa = PBXFileReference; lastKnownFileType = file.storyboard; name = Base; path = Base.lproj/LaunchScreen.storyboard; sourceTree = "<group>"; };
		A5D644A3218AFDEA00B2A0B0 /* Info.plist */ = {isa = PBXFileReference; lastKnownFileType = text.plist.xml; path = Info.plist; sourceTree = "<group>"; };
		A5D644A4218AFDEA00B2A0B0 /* main.m */ = {isa = PBXFileReference; lastKnownFileType = sourcecode.c.objc; path = main.m; sourceTree = "<group>"; };
		A5D644CB218B03D700B2A0B0 /* UIImageViewController.h */ = {isa = PBXFileReference; lastKnownFileType = sourcecode.c.h; path = UIImageViewController.h; sourceTree = "<group>"; };
		A5D644CC218B03D700B2A0B0 /* UIImageViewController.m */ = {isa = PBXFileReference; lastKnownFileType = sourcecode.c.objc; path = UIImageViewController.m; sourceTree = "<group>"; };
		A5D644CD218B03D700B2A0B0 /* UIImageViewController.xib */ = {isa = PBXFileReference; lastKnownFileType = file.xib; path = UIImageViewController.xib; sourceTree = "<group>"; };
		A5EA4B4F21C89BA300404EC2 /* UnicodeViewController.h */ = {isa = PBXFileReference; lastKnownFileType = sourcecode.c.h; path = UnicodeViewController.h; sourceTree = "<group>"; };
		A5EA4B5021C89BA300404EC2 /* UnicodeViewController.m */ = {isa = PBXFileReference; lastKnownFileType = sourcecode.c.objc; path = UnicodeViewController.m; sourceTree = "<group>"; };
		AA5873A0E97D2CBD544C2CEF /* Pods-UIKit-Category.debug.xcconfig */ = {isa = PBXFileReference; includeInIndex = 1; lastKnownFileType = text.xcconfig; name = "Pods-UIKit-Category.debug.xcconfig"; path = "Pods/Target Support Files/Pods-UIKit-Category/Pods-UIKit-Category.debug.xcconfig"; sourceTree = "<group>"; };
		BB3834549B4EFF7D13DDF483 /* Pods-UIKit-CategoryUITests.release.xcconfig */ = {isa = PBXFileReference; includeInIndex = 1; lastKnownFileType = text.xcconfig; name = "Pods-UIKit-CategoryUITests.release.xcconfig"; path = "Pods/Target Support Files/Pods-UIKit-CategoryUITests/Pods-UIKit-CategoryUITests.release.xcconfig"; sourceTree = "<group>"; };
		BBC7138BC014C6B8AA970CBE /* Pods-CommonCategoryUITests.debug.xcconfig */ = {isa = PBXFileReference; includeInIndex = 1; lastKnownFileType = text.xcconfig; name = "Pods-CommonCategoryUITests.debug.xcconfig"; path = "Pods/Target Support Files/Pods-CommonCategoryUITests/Pods-CommonCategoryUITests.debug.xcconfig"; sourceTree = "<group>"; };
		D22332377D38E220ED847DD0 /* Pods-UIKit-CategoryTests.release.xcconfig */ = {isa = PBXFileReference; includeInIndex = 1; lastKnownFileType = text.xcconfig; name = "Pods-UIKit-CategoryTests.release.xcconfig"; path = "Pods/Target Support Files/Pods-UIKit-CategoryTests/Pods-UIKit-CategoryTests.release.xcconfig"; sourceTree = "<group>"; };
		E11BC15FF86F44A0B31DB8A5 /* libPods-CommonCategoryUITests.a */ = {isa = PBXFileReference; explicitFileType = archive.ar; includeInIndex = 0; path = "libPods-CommonCategoryUITests.a"; sourceTree = BUILT_PRODUCTS_DIR; };
		ECF17D58F7EABA1B1C21A558 /* Pods-CommonCategoryUITests.release.xcconfig */ = {isa = PBXFileReference; includeInIndex = 1; lastKnownFileType = text.xcconfig; name = "Pods-CommonCategoryUITests.release.xcconfig"; path = "Pods/Target Support Files/Pods-CommonCategoryUITests/Pods-CommonCategoryUITests.release.xcconfig"; sourceTree = "<group>"; };
		F0650D2A5C1884C8FD1DFF1C /* Pods-UIKit-CategoryTests.debug.xcconfig */ = {isa = PBXFileReference; includeInIndex = 1; lastKnownFileType = text.xcconfig; name = "Pods-UIKit-CategoryTests.debug.xcconfig"; path = "Pods/Target Support Files/Pods-UIKit-CategoryTests/Pods-UIKit-CategoryTests.debug.xcconfig"; sourceTree = "<group>"; };
		FB43AC5EFBDAE216AF2348D5 /* libPods-CommonCategoryTests.a */ = {isa = PBXFileReference; explicitFileType = archive.ar; includeInIndex = 0; path = "libPods-CommonCategoryTests.a"; sourceTree = BUILT_PRODUCTS_DIR; };
/* End PBXFileReference section */

/* Begin PBXFrameworksBuildPhase section */
		A5D6448F218AFDEA00B2A0B0 /* Frameworks */ = {
			isa = PBXFrameworksBuildPhase;
			buildActionMask = 2147483647;
			files = (
				BDFF20841CD97C25A2D4439C /* libPods-CommonCategory.a in Frameworks */,
			);
			runOnlyForDeploymentPostprocessing = 0;
		};
/* End PBXFrameworksBuildPhase section */

/* Begin PBXGroup section */
		9389F0A5D3309A3A94D1E68C /* Frameworks */ = {
			isa = PBXGroup;
			children = (
				673E16A1E506858237CD7EF8 /* libPods-UIKit-Category.a */,
				7E6F7513C63B02252AD0B9ED /* libPods-UIKit-CategoryTests.a */,
				5F21520052128382C2E10519 /* libPods-UIKit-CategoryUITests.a */,
				13C9D23223A7717C22204C8A /* libPods-CommonCategory.a */,
				FB43AC5EFBDAE216AF2348D5 /* libPods-CommonCategoryTests.a */,
				E11BC15FF86F44A0B31DB8A5 /* libPods-CommonCategoryUITests.a */,
			);
			name = Frameworks;
			sourceTree = "<group>";
		};
		9A7404B8727F5B6426F9E80E /* Pods */ = {
			isa = PBXGroup;
			children = (
				AA5873A0E97D2CBD544C2CEF /* Pods-UIKit-Category.debug.xcconfig */,
				20A93C3B5773E1A5FB089DEA /* Pods-UIKit-Category.release.xcconfig */,
				F0650D2A5C1884C8FD1DFF1C /* Pods-UIKit-CategoryTests.debug.xcconfig */,
				D22332377D38E220ED847DD0 /* Pods-UIKit-CategoryTests.release.xcconfig */,
				8242AD5B201B838C49D32EEF /* Pods-UIKit-CategoryUITests.debug.xcconfig */,
				BB3834549B4EFF7D13DDF483 /* Pods-UIKit-CategoryUITests.release.xcconfig */,
				44561327BFCB3DAF59F4D2C6 /* Pods-CommonCategory.debug.xcconfig */,
				99A66CD7C2893B6929F02AE7 /* Pods-CommonCategory.release.xcconfig */,
				5C2D8C43E8E5B881EB8234CB /* Pods-CommonCategoryTests.debug.xcconfig */,
				81E4B67B5B6AFD3B5D621B82 /* Pods-CommonCategoryTests.release.xcconfig */,
				BBC7138BC014C6B8AA970CBE /* Pods-CommonCategoryUITests.debug.xcconfig */,
				ECF17D58F7EABA1B1C21A558 /* Pods-CommonCategoryUITests.release.xcconfig */,
			);
			name = Pods;
			sourceTree = "<group>";
		};
		A51793FC21B6895800A5004B /* XCCategorys */ = {
			isa = PBXGroup;
			children = (
				A587824C21D713000027C916 /* UIButton */,
				A578E27A21D62EC60023C054 /* NSDate */,
				A578E26821D4C1620023C054 /* UIDevice */,
				A517940021B6895800A5004B /* LogChinese */,
				A517940321B6895800A5004B /* NSFileManager */,
				A517940621B6895800A5004B /* NSObject */,
				A517940921B6895800A5004B /* NSString */,
				A517940F21B6895800A5004B /* UIApplication */,
				A517941321B6895800A5004B /* UIColor */,
				A517941621B6895800A5004B /* UIImage */,
				A517941921B6895800A5004B /* UIView */,
			);
			path = XCCategorys;
			sourceTree = "<group>";
		};
		A517940021B6895800A5004B /* LogChinese */ = {
			isa = PBXGroup;
			children = (
				A5D4037521C9200F002C307A /* NSArray+Chinese.h */,
				A5D4037621C9200F002C307A /* NSArray+Chinese.m */,
			);
			path = LogChinese;
			sourceTree = "<group>";
		};
		A517940321B6895800A5004B /* NSFileManager */ = {
			isa = PBXGroup;
			children = (
				A517940421B6895800A5004B /* NSFileManager+path.h */,
				A517940521B6895800A5004B /* NSFileManager+path.m */,
			);
			path = NSFileManager;
			sourceTree = "<group>";
		};
		A517940621B6895800A5004B /* NSObject */ = {
			isa = PBXGroup;
			children = (
				A517940721B6895800A5004B /* NSObject+runtime.h */,
				A517940821B6895800A5004B /* NSObject+runtime.m */,
			);
			path = NSObject;
			sourceTree = "<group>";
		};
		A517940921B6895800A5004B /* NSString */ = {
			isa = PBXGroup;
			children = (
				A517940A21B6895800A5004B /* NSString+unicode.h */,
				A517940B21B6895800A5004B /* NSString+unicode.m */,
			);
			path = NSString;
			sourceTree = "<group>";
		};
		A517940F21B6895800A5004B /* UIApplication */ = {
			isa = PBXGroup;
			children = (
				A517941021B6895800A5004B /* UIApplication+Category.h */,
				A517941121B6895800A5004B /* UIApplication+Category.m */,
				A517941221B6895800A5004B /* UIApplication+Header.h */,
			);
			path = UIApplication;
			sourceTree = "<group>";
		};
		A517941321B6895800A5004B /* UIColor */ = {
			isa = PBXGroup;
			children = (
				A517941421B6895800A5004B /* UIColor+hex.h */,
				A517941521B6895800A5004B /* UIColor+hex.m */,
			);
			path = UIColor;
			sourceTree = "<group>";
		};
		A517941621B6895800A5004B /* UIImage */ = {
			isa = PBXGroup;
			children = (
				A517941721B6895800A5004B /* UIImage+Color.h */,
				A517941821B6895800A5004B /* UIImage+Color.m */,
			);
			path = UIImage;
			sourceTree = "<group>";
		};
		A517941921B6895800A5004B /* UIView */ = {
			isa = PBXGroup;
			children = (
				A517941A21B6895800A5004B /* UIView+frame.h */,
				A517941B21B6895800A5004B /* UIView+frame.m */,
				A517941C21B6895800A5004B /* UIView+gesture.h */,
				A517941D21B6895800A5004B /* UIView+gesture.m */,
				A517941E21B6895800A5004B /* UIView+layer.h */,
				A517941F21B6895800A5004B /* UIView+layer.m */,
			);
			path = UIView;
			sourceTree = "<group>";
		};
		A533215321903E5E00F06E0C /* ViewCotroller */ = {
			isa = PBXGroup;
			children = (
				A587824921D70E830027C916 /* BaseViewController.h */,
				A587824A21D70E830027C916 /* BaseViewController.m */,
				A533214B2190221500F06E0C /* UIColorViewController.h */,
				A533214C2190221500F06E0C /* UIColorViewController.m */,
				A5D644CB218B03D700B2A0B0 /* UIImageViewController.h */,
				A5D644CC218B03D700B2A0B0 /* UIImageViewController.m */,
				A5BEFCA7218FDDFE00E096FD /* UIViewViewController.h */,
				A5BEFCA8218FDDFE00E096FD /* UIViewViewController.m */,
				A53321542190400F00F06E0C /* UIApplicationViewController.h */,
				A53321552190400F00F06E0C /* UIApplicationViewController.m */,
				A59C5801219289C700DA988B /* NSFileManagerViewController.h */,
				A59C5802219289C700DA988B /* NSFileManagerViewController.m */,
				A5EA4B4F21C89BA300404EC2 /* UnicodeViewController.h */,
				A5EA4B5021C89BA300404EC2 /* UnicodeViewController.m */,
				A578E27621D609D40023C054 /* UIDeviceViewController.h */,
				A578E27721D609D40023C054 /* UIDeviceViewController.m */,
				A587824621D704A40027C916 /* NSDateViewController.h */,
				A587824721D704A40027C916 /* NSDateViewController.m */,
				A587825021D717040027C916 /* UIContorlViewController.h */,
				A587825121D717040027C916 /* UIContorlViewController.m */,
				A5D64498218AFDEA00B2A0B0 /* ViewController.h */,
				A5D64499218AFDEA00B2A0B0 /* ViewController.m */,
			);
			path = ViewCotroller;
			sourceTree = "<group>";
		};
		A578E26821D4C1620023C054 /* UIDevice */ = {
			isa = PBXGroup;
			children = (
				A578E26921D4C18E0023C054 /* UIDevice+device.h */,
				A578E26A21D4C18E0023C054 /* UIDevice+device.m */,
			);
			path = UIDevice;
			sourceTree = "<group>";
		};
		A578E27A21D62EC60023C054 /* NSDate */ = {
			isa = PBXGroup;
			children = (
				A578E27B21D62EDE0023C054 /* NSDate+category.h */,
				A578E27C21D62EDE0023C054 /* NSDate+category.m */,
			);
			path = NSDate;
			sourceTree = "<group>";
		};
		A587824C21D713000027C916 /* UIButton */ = {
			isa = PBXGroup;
			children = (
				A587824D21D713120027C916 /* UIControl+category.h */,
				A587824E21D713120027C916 /* UIControl+category.m */,
			);
			path = UIButton;
			sourceTree = "<group>";
		};
		A5D64489218AFDEA00B2A0B0 = {
			isa = PBXGroup;
			children = (
				A578E27921D61DDD0023C054 /* CommonCategory.entitlements */,
				A51793FC21B6895800A5004B /* XCCategorys */,
				A533215321903E5E00F06E0C /* ViewCotroller */,
				A5D64495218AFDEA00B2A0B0 /* AppDelegate.h */,
				A5D64496218AFDEA00B2A0B0 /* AppDelegate.m */,
				A5D644A4218AFDEA00B2A0B0 /* main.m */,
				A5D644A3218AFDEA00B2A0B0 /* Info.plist */,
				A5D6449E218AFDEA00B2A0B0 /* Assets.xcassets */,
				A5D644CD218B03D700B2A0B0 /* UIImageViewController.xib */,
				9389F0A5D3309A3A94D1E68C /* Frameworks */,
				A5D644A0218AFDEA00B2A0B0 /* LaunchScreen.storyboard */,
				A5D6449B218AFDEA00B2A0B0 /* Main.storyboard */,
				9A7404B8727F5B6426F9E80E /* Pods */,
				A5D64493218AFDEA00B2A0B0 /* Products */,
			);
			sourceTree = "<group>";
		};
		A5D64493218AFDEA00B2A0B0 /* Products */ = {
			isa = PBXGroup;
			children = (
				A5D64492218AFDEA00B2A0B0 /* CommonCategory.app */,
			);
			name = Products;
			sourceTree = "<group>";
		};
/* End PBXGroup section */

/* Begin PBXNativeTarget section */
		A5D64491218AFDEA00B2A0B0 /* CommonCategory */ = {
			isa = PBXNativeTarget;
			buildConfigurationList = A5D644BE218AFDEB00B2A0B0 /* Build configuration list for PBXNativeTarget "CommonCategory" */;
			buildPhases = (
				18EC433D0CD8DC0FFEE4715F /* [CP] Check Pods Manifest.lock */,
				A5D6448E218AFDEA00B2A0B0 /* Sources */,
				A5D6448F218AFDEA00B2A0B0 /* Frameworks */,
				A5D64490218AFDEA00B2A0B0 /* Resources */,
			);
			buildRules = (
			);
			dependencies = (
			);
			name = CommonCategory;
			productName = "UIKit-Category";
			productReference = A5D64492218AFDEA00B2A0B0 /* CommonCategory.app */;
			productType = "com.apple.product-type.application";
		};
/* End PBXNativeTarget section */

/* Begin PBXProject section */
		A5D6448A218AFDEA00B2A0B0 /* Project object */ = {
			isa = PBXProject;
			attributes = {
				LastUpgradeCheck = 1000;
				ORGANIZATIONNAME = "Tang杰";
				TargetAttributes = {
					A5D64491218AFDEA00B2A0B0 = {
						CreatedOnToolsVersion = 10.0;
						SystemCapabilities = {
							com.apple.AccessWiFi = {
								enabled = 1;
							};
						};
					};
				};
			};
			buildConfigurationList = A5D6448D218AFDEA00B2A0B0 /* Build configuration list for PBXProject "CommonCategory" */;
			compatibilityVersion = "Xcode 9.3";
			developmentRegion = en;
			hasScannedForEncodings = 0;
			knownRegions = (
				en,
				Base,
			);
			mainGroup = A5D64489218AFDEA00B2A0B0;
			productRefGroup = A5D64493218AFDEA00B2A0B0 /* Products */;
			projectDirPath = "";
			projectRoot = "";
			targets = (
				A5D64491218AFDEA00B2A0B0 /* CommonCategory */,
			);
		};
/* End PBXProject section */

/* Begin PBXResourcesBuildPhase section */
		A5D64490218AFDEA00B2A0B0 /* Resources */ = {
			isa = PBXResourcesBuildPhase;
			buildActionMask = 2147483647;
			files = (
				A5D644A2218AFDEA00B2A0B0 /* LaunchScreen.storyboard in Resources */,
				A5D6449F218AFDEA00B2A0B0 /* Assets.xcassets in Resources */,
				A5D6449D218AFDEA00B2A0B0 /* Main.storyboard in Resources */,
				A5D644CF218B03D700B2A0B0 /* UIImageViewController.xib in Resources */,
			);
			runOnlyForDeploymentPostprocessing = 0;
		};
/* End PBXResourcesBuildPhase section */

/* Begin PBXShellScriptBuildPhase section */
		18EC433D0CD8DC0FFEE4715F /* [CP] Check Pods Manifest.lock */ = {
			isa = PBXShellScriptBuildPhase;
			buildActionMask = 2147483647;
			files = (
			);
			inputPaths = (
				"${PODS_PODFILE_DIR_PATH}/Podfile.lock",
				"${PODS_ROOT}/Manifest.lock",
			);
			name = "[CP] Check Pods Manifest.lock";
			outputPaths = (
				"$(DERIVED_FILE_DIR)/Pods-CommonCategory-checkManifestLockResult.txt",
			);
			runOnlyForDeploymentPostprocessing = 0;
			shellPath = /bin/sh;
			shellScript = "diff \"${PODS_PODFILE_DIR_PATH}/Podfile.lock\" \"${PODS_ROOT}/Manifest.lock\" > /dev/null\nif [ $? != 0 ] ; then\n    # print error to STDERR\n    echo \"error: The sandbox is not in sync with the Podfile.lock. Run 'pod install' or update your CocoaPods installation.\" >&2\n    exit 1\nfi\n# This output is used by Xcode 'outputs' to avoid re-running this script phase.\necho \"SUCCESS\" > \"${SCRIPT_OUTPUT_FILE_0}\"\n";
			showEnvVarsInLog = 0;
		};
/* End PBXShellScriptBuildPhase section */

/* Begin PBXSourcesBuildPhase section */
		A5D6448E218AFDEA00B2A0B0 /* Sources */ = {
			isa = PBXSourcesBuildPhase;
			buildActionMask = 2147483647;
			files = (
				A5EA4B5121C89BA300404EC2 /* UnicodeViewController.m in Sources */,
				A587824B21D70E830027C916 /* BaseViewController.m in Sources */,
				A5D6449A218AFDEA00B2A0B0 /* ViewController.m in Sources */,
				A53321562190400F00F06E0C /* UIApplicationViewController.m in Sources */,
				A59C5803219289C700DA988B /* NSFileManagerViewController.m in Sources */,
				A517942821B6895800A5004B /* UIImage+Color.m in Sources */,
				A517942721B6895800A5004B /* UIColor+hex.m in Sources */,
				A587824F21D713120027C916 /* UIControl+category.m in Sources */,
				A578E27D21D62EDE0023C054 /* NSDate+category.m in Sources */,
				A5BEFCA9218FDDFE00E096FD /* UIViewViewController.m in Sources */,
				A578E27821D609D40023C054 /* UIDeviceViewController.m in Sources */,
				A533214D2190221500F06E0C /* UIColorViewController.m in Sources */,
				A5D644A5218AFDEA00B2A0B0 /* main.m in Sources */,
				A578E26B21D4C18E0023C054 /* UIDevice+device.m in Sources */,
				A587824821D704A40027C916 /* NSDateViewController.m in Sources */,
				A5D644CE218B03D700B2A0B0 /* UIImageViewController.m in Sources */,
				A587825221D717040027C916 /* UIContorlViewController.m in Sources */,
				A517942621B6895800A5004B /* UIApplication+Category.m in Sources */,
				A517942921B6895800A5004B /* UIView+frame.m in Sources */,
				A517942321B6895800A5004B /* NSObject+runtime.m in Sources */,
				A517942221B6895800A5004B /* NSFileManager+path.m in Sources */,
				A5D4037721C9200F002C307A /* NSArray+Chinese.m in Sources */,
				A517942A21B6895800A5004B /* UIView+gesture.m in Sources */,
				A5D64497218AFDEA00B2A0B0 /* AppDelegate.m in Sources */,
				A517942B21B6895800A5004B /* UIView+layer.m in Sources */,
				A517942421B6895800A5004B /* NSString+unicode.m in Sources */,
			);
			runOnlyForDeploymentPostprocessing = 0;
		};
/* End PBXSourcesBuildPhase section */

/* Begin PBXVariantGroup section */
		A5D6449B218AFDEA00B2A0B0 /* Main.storyboard */ = {
			isa = PBXVariantGroup;
			children = (
				A5D6449C218AFDEA00B2A0B0 /* Base */,
			);
			name = Main.storyboard;
			sourceTree = "<group>";
		};
		A5D644A0218AFDEA00B2A0B0 /* LaunchScreen.storyboard */ = {
			isa = PBXVariantGroup;
			children = (
				A5D644A1218AFDEA00B2A0B0 /* Base */,
			);
			name = LaunchScreen.storyboard;
			sourceTree = "<group>";
		};
/* End PBXVariantGroup section */

/* Begin XCBuildConfiguration section */
		A5D644BC218AFDEB00B2A0B0 /* Debug */ = {
			isa = XCBuildConfiguration;
			buildSettings = {
				ALWAYS_SEARCH_USER_PATHS = NO;
				CLANG_ANALYZER_NONNULL = YES;
				CLANG_ANALYZER_NUMBER_OBJECT_CONVERSION = YES_AGGRESSIVE;
				CLANG_CXX_LANGUAGE_STANDARD = "gnu++14";
				CLANG_CXX_LIBRARY = "libc++";
				CLANG_ENABLE_MODULES = YES;
				CLANG_ENABLE_OBJC_ARC = YES;
				CLANG_ENABLE_OBJC_WEAK = YES;
				CLANG_WARN_BLOCK_CAPTURE_AUTORELEASING = YES;
				CLANG_WARN_BOOL_CONVERSION = YES;
				CLANG_WARN_COMMA = YES;
				CLANG_WARN_CONSTANT_CONVERSION = YES;
				CLANG_WARN_DEPRECATED_OBJC_IMPLEMENTATIONS = YES;
				CLANG_WARN_DIRECT_OBJC_ISA_USAGE = YES_ERROR;
				CLANG_WARN_DOCUMENTATION_COMMENTS = YES;
				CLANG_WARN_EMPTY_BODY = YES;
				CLANG_WARN_ENUM_CONVERSION = YES;
				CLANG_WARN_INFINITE_RECURSION = YES;
				CLANG_WARN_INT_CONVERSION = YES;
				CLANG_WARN_NON_LITERAL_NULL_CONVERSION = YES;
				CLANG_WARN_OBJC_IMPLICIT_RETAIN_SELF = YES;
				CLANG_WARN_OBJC_LITERAL_CONVERSION = YES;
				CLANG_WARN_OBJC_ROOT_CLASS = YES_ERROR;
				CLANG_WARN_RANGE_LOOP_ANALYSIS = YES;
				CLANG_WARN_STRICT_PROTOTYPES = YES;
				CLANG_WARN_SUSPICIOUS_MOVE = YES;
				CLANG_WARN_UNGUARDED_AVAILABILITY = YES_AGGRESSIVE;
				CLANG_WARN_UNREACHABLE_CODE = YES;
				CLANG_WARN__DUPLICATE_METHOD_MATCH = YES;
				CODE_SIGN_IDENTITY = "iPhone Developer";
				COPY_PHASE_STRIP = NO;
				DEBUG_INFORMATION_FORMAT = dwarf;
				ENABLE_STRICT_OBJC_MSGSEND = YES;
				ENABLE_TESTABILITY = YES;
				GCC_C_LANGUAGE_STANDARD = gnu11;
				GCC_DYNAMIC_NO_PIC = NO;
				GCC_NO_COMMON_BLOCKS = YES;
				GCC_OPTIMIZATION_LEVEL = 0;
				GCC_PREPROCESSOR_DEFINITIONS = (
					"DEBUG=1",
					"$(inherited)",
				);
				GCC_WARN_64_TO_32_BIT_CONVERSION = YES;
				GCC_WARN_ABOUT_RETURN_TYPE = YES_ERROR;
				GCC_WARN_UNDECLARED_SELECTOR = YES;
				GCC_WARN_UNINITIALIZED_AUTOS = YES_AGGRESSIVE;
				GCC_WARN_UNUSED_FUNCTION = YES;
				GCC_WARN_UNUSED_VARIABLE = YES;
				IPHONEOS_DEPLOYMENT_TARGET = 12.0;
				MTL_ENABLE_DEBUG_INFO = INCLUDE_SOURCE;
				MTL_FAST_MATH = YES;
				ONLY_ACTIVE_ARCH = YES;
				SDKROOT = iphoneos;
			};
			name = Debug;
		};
		A5D644BD218AFDEB00B2A0B0 /* Release */ = {
			isa = XCBuildConfiguration;
			buildSettings = {
				ALWAYS_SEARCH_USER_PATHS = NO;
				CLANG_ANALYZER_NONNULL = YES;
				CLANG_ANALYZER_NUMBER_OBJECT_CONVERSION = YES_AGGRESSIVE;
				CLANG_CXX_LANGUAGE_STANDARD = "gnu++14";
				CLANG_CXX_LIBRARY = "libc++";
				CLANG_ENABLE_MODULES = YES;
				CLANG_ENABLE_OBJC_ARC = YES;
				CLANG_ENABLE_OBJC_WEAK = YES;
				CLANG_WARN_BLOCK_CAPTURE_AUTORELEASING = YES;
				CLANG_WARN_BOOL_CONVERSION = YES;
				CLANG_WARN_COMMA = YES;
				CLANG_WARN_CONSTANT_CONVERSION = YES;
				CLANG_WARN_DEPRECATED_OBJC_IMPLEMENTATIONS = YES;
				CLANG_WARN_DIRECT_OBJC_ISA_USAGE = YES_ERROR;
				CLANG_WARN_DOCUMENTATION_COMMENTS = YES;
				CLANG_WARN_EMPTY_BODY = YES;
				CLANG_WARN_ENUM_CONVERSION = YES;
				CLANG_WARN_INFINITE_RECURSION = YES;
				CLANG_WARN_INT_CONVERSION = YES;
				CLANG_WARN_NON_LITERAL_NULL_CONVERSION = YES;
				CLANG_WARN_OBJC_IMPLICIT_RETAIN_SELF = YES;
				CLANG_WARN_OBJC_LITERAL_CONVERSION = YES;
				CLANG_WARN_OBJC_ROOT_CLASS = YES_ERROR;
				CLANG_WARN_RANGE_LOOP_ANALYSIS = YES;
				CLANG_WARN_STRICT_PROTOTYPES = YES;
				CLANG_WARN_SUSPICIOUS_MOVE = YES;
				CLANG_WARN_UNGUARDED_AVAILABILITY = YES_AGGRESSIVE;
				CLANG_WARN_UNREACHABLE_CODE = YES;
				CLANG_WARN__DUPLICATE_METHOD_MATCH = YES;
				CODE_SIGN_IDENTITY = "iPhone Developer";
				COPY_PHASE_STRIP = NO;
				DEBUG_INFORMATION_FORMAT = "dwarf-with-dsym";
				ENABLE_NS_ASSERTIONS = NO;
				ENABLE_STRICT_OBJC_MSGSEND = YES;
				GCC_C_LANGUAGE_STANDARD = gnu11;
				GCC_NO_COMMON_BLOCKS = YES;
				GCC_WARN_64_TO_32_BIT_CONVERSION = YES;
				GCC_WARN_ABOUT_RETURN_TYPE = YES_ERROR;
				GCC_WARN_UNDECLARED_SELECTOR = YES;
				GCC_WARN_UNINITIALIZED_AUTOS = YES_AGGRESSIVE;
				GCC_WARN_UNUSED_FUNCTION = YES;
				GCC_WARN_UNUSED_VARIABLE = YES;
				IPHONEOS_DEPLOYMENT_TARGET = 12.0;
				MTL_ENABLE_DEBUG_INFO = NO;
				MTL_FAST_MATH = YES;
				SDKROOT = iphoneos;
				VALIDATE_PRODUCT = YES;
			};
			name = Release;
		};
		A5D644BF218AFDEB00B2A0B0 /* Debug */ = {
			isa = XCBuildConfiguration;
			baseConfigurationReference = 44561327BFCB3DAF59F4D2C6 /* Pods-CommonCategory.debug.xcconfig */;
			buildSettings = {
				ASSETCATALOG_COMPILER_APPICON_NAME = AppIcon;
				CODE_SIGN_ENTITLEMENTS = CommonCategory.entitlements;
				CODE_SIGN_STYLE = Automatic;
				DEVELOPMENT_TEAM = 7BDKEPMWR2;
				INFOPLIST_FILE = Info.plist;
				IPHONEOS_DEPLOYMENT_TARGET = 9.0;
				LD_RUNPATH_SEARCH_PATHS = (
					"$(inherited)",
					"@executable_path/Frameworks",
				);
				PRODUCT_BUNDLE_IDENTIFIER = com.xinchao.CommonCategory;
				PRODUCT_NAME = "$(TARGET_NAME)";
				TARGETED_DEVICE_FAMILY = "1,2";
			};
			name = Debug;
		};
		A5D644C0218AFDEB00B2A0B0 /* Release */ = {
			isa = XCBuildConfiguration;
			baseConfigurationReference = 99A66CD7C2893B6929F02AE7 /* Pods-CommonCategory.release.xcconfig */;
			buildSettings = {
				ASSETCATALOG_COMPILER_APPICON_NAME = AppIcon;
				CODE_SIGN_ENTITLEMENTS = CommonCategory.entitlements;
				CODE_SIGN_STYLE = Automatic;
				DEVELOPMENT_TEAM = 7BDKEPMWR2;
				INFOPLIST_FILE = Info.plist;
				IPHONEOS_DEPLOYMENT_TARGET = 9.0;
				LD_RUNPATH_SEARCH_PATHS = (
					"$(inherited)",
					"@executable_path/Frameworks",
				);
				PRODUCT_BUNDLE_IDENTIFIER = com.xinchao.CommonCategory;
				PRODUCT_NAME = "$(TARGET_NAME)";
				TARGETED_DEVICE_FAMILY = "1,2";
			};
			name = Release;
		};
/* End XCBuildConfiguration section */

/* Begin XCConfigurationList section */
		A5D6448D218AFDEA00B2A0B0 /* Build configuration list for PBXProject "CommonCategory" */ = {
			isa = XCConfigurationList;
			buildConfigurations = (
				A5D644BC218AFDEB00B2A0B0 /* Debug */,
				A5D644BD218AFDEB00B2A0B0 /* Release */,
			);
			defaultConfigurationIsVisible = 0;
			defaultConfigurationName = Release;
		};
		A5D644BE218AFDEB00B2A0B0 /* Build configuration list for PBXNativeTarget "CommonCategory" */ = {
			isa = XCConfigurationList;
			buildConfigurations = (
				A5D644BF218AFDEB00B2A0B0 /* Debug */,
				A5D644C0218AFDEB00B2A0B0 /* Release */,
			);
			defaultConfigurationIsVisible = 0;
			defaultConfigurationName = Release;
		};
/* End XCConfigurationList section */
	};
	rootObject = A5D6448A218AFDEA00B2A0B0 /* Project object */;
}
